
Microsoft Visual Studio Solution File, Format Version 11.00
# Visual Studio 2010
Project("{FAE04EC0-301F-11D3-BF4B-00C04F79EFBC}") = "Catan", "Catan\Catan.csproj", "{1E33F0FF-D8D3-4ACA-973C-2DEF4EFF992B}"
EndProject
Project("{F088123C-0E9E-452A-89E6-6BA2F21D5CAC}") = "ModelingProject1", "ModelingProject1\ModelingProject1.modelproj", "{76EAEA46-6734-4A08-955F-A62CACEA99EF}"
EndProject
Global
	GlobalSection(SolutionConfigurationPlatforms) = preSolution
		Debug|Any CPU = Debug|Any CPU
		Debug|Mixed Platforms = Debug|Mixed Platforms
		Debug|x86 = Debug|x86
		Release|Any CPU = Release|Any CPU
		Release|Mixed Platforms = Release|Mixed Platforms
		Release|x86 = Release|x86
	EndGlobalSection
	GlobalSection(ProjectConfigurationPlatforms) = postSolution
		{1E33F0FF-D8D3-4ACA-973C-2DEF4EFF992B}.Debug|Any CPU.ActiveCfg = Debug|x86
		{1E33F0FF-D8D3-4ACA-973C-2DEF4EFF992B}.Debug|Mixed Platforms.ActiveCfg = Debug|x86
		{1E33F0FF-D8D3-4ACA-973C-2DEF4EFF992B}.Debug|Mixed Platforms.Build.0 = Debug|x86
		{1E33F0FF-D8D3-4ACA-973C-2DEF4EFF992B}.Debug|x86.ActiveCfg = Debug|x86
		{1E33F0FF-D8D3-4ACA-973C-2DEF4EFF992B}.Debug|x86.Build.0 = Debug|x86
		{1E33F0FF-D8D3-4ACA-973C-2DEF4EFF992B}.Release|Any CPU.ActiveCfg = Release|x86
		{1E33F0FF-D8D3-4ACA-973C-2DEF4EFF992B}.Release|Mixed Platforms.ActiveCfg = Release|x86
		{1E33F0FF-D8D3-4ACA-973C-2DEF4EFF992B}.Release|Mixed Platforms.Build.0 = Release|x86
		{1E33F0FF-D8D3-4ACA-973C-2DEF4EFF992B}.Release|x86.ActiveCfg = Release|x86
		{1E33F0FF-D8D3-4ACA-973C-2DEF4EFF992B}.Release|x86.Build.0 = Release|x86
		{76EAEA46-6734-4A08-955F-A62CACEA99EF}.Debug|Any CPU.ActiveCfg = Debug|Any CPU
		{76EAEA46-6734-4A08-955F-A62CACEA99EF}.Debug|Any CPU.Build.0 = Debug|Any CPU
		{76EAEA46-6734-4A08-955F-A62CACEA99EF}.Debug|Mixed Platforms.ActiveCfg = Debug|Any CPU
		{76EAEA46-6734-4A08-955F-A62CACEA99EF}.Debug|Mixed Platforms.Build.0 = Debug|Any CPU
		{76EAEA46-6734-4A08-955F-A62CACEA99EF}.Debug|x86.ActiveCfg = Debug|Any CPU
		{76EAEA46-6734-4A08-955F-A62CACEA99EF}.Release|Any CPU.ActiveCfg = Release|Any CPU
		{76EAEA46-6734-4A08-955F-A62CACEA99EF}.Release|Any CPU.Build.0 = Release|Any CPU
		{76EAEA46-6734-4A08-955F-A62CACEA99EF}.Release|Mixed Platforms.ActiveCfg = Release|Any CPU
		{76EAEA46-6734-4A08-955F-A62CACEA99EF}.Release|Mixed Platforms.Build.0 = Release|Any CPU
		{76EAEA46-6734-4A08-955F-A62CACEA99EF}.Release|x86.ActiveCfg = Release|Any CPU
	EndGlobalSection
	GlobalSection(SolutionProperties) = preSolution
		HideSolutionNode = FALSE
	EndGlobalSection
EndGlobal
